
Microsoft Visual Studio Solution File, Format Version 12.00
# Visual Studio Version 17
VisualStudioVersion = 17.10.35013.160
MinimumVisualStudioVersion = 10.0.40219.1
Project("{FAE04EC0-301F-11D3-BF4B-00C04F79EFBC}") = "oop_ass4", "oop_ass4\oop_ass4.csproj", "{F75DC3A3-DFE3-4D7A-AB52-789D7BA1CE44}"
EndProject
Global
	GlobalSection(SolutionConfigurationPlatforms) = preSolution
		Debug|Any CPU = Debug|Any CPU
		Release|Any CPU = Release|Any CPU
	EndGlobalSection
	GlobalSection(ProjectConfigurationPlatforms) = postSolution
		{F75DC3A3-DFE3-4D7A-AB52-789D7BA1CE44}.Debug|Any CPU.ActiveCfg = Debug|Any CPU
		{F75DC3A3-DFE3-4D7A-AB52-789D7BA1CE44}.Debug|Any CPU.Build.0 = Debug|Any CPU
		{F75DC3A3-DFE3-4D7A-AB52-789D7BA1CE44}.Release|Any CPU.ActiveCfg = Release|Any CPU
		{F75DC3A3-DFE3-4D7A-AB52-789D7BA1CE44}.Release|Any CPU.Build.0 = Release|Any CPU
	EndGlobalSection
	GlobalSection(SolutionProperties) = preSolution
		HideSolutionNode = FALSE
	EndGlobalSection
	GlobalSection(ExtensibilityGlobals) = postSolution
		SolutionGuid = {5BB3CA4B-7C37-4738-A120-53C1E9D4C4AC}
	EndGlobalSection
EndGlobal
